
Microsoft Visual Studio Solution File, Format Version 12.00
Project("{FAE04EC0-301F-11D3-BF4B-00C04F79EFBC}") = "CepApi", "CepApi\CepApi.csproj", "{A6D96BA4-B312-400C-A5A1-9B35AE6E222C}"
EndProject
Project("{FAE04EC0-301F-11D3-BF4B-00C04F79EFBC}") = "TestCepApi", "TestCepApi\TestCepApi.csproj", "{EA5CC7DD-E9E1-4B3A-997E-A366D40C2E9C}"
EndProject
Global
	GlobalSection(SolutionConfigurationPlatforms) = preSolution
		Debug|Any CPU = Debug|Any CPU
		Release|Any CPU = Release|Any CPU
	EndGlobalSection
	GlobalSection(ProjectConfigurationPlatforms) = postSolution
		{A6D96BA4-B312-400C-A5A1-9B35AE6E222C}.Debug|Any CPU.ActiveCfg = Debug|Any CPU
		{A6D96BA4-B312-400C-A5A1-9B35AE6E222C}.Debug|Any CPU.Build.0 = Debug|Any CPU
		{A6D96BA4-B312-400C-A5A1-9B35AE6E222C}.Release|Any CPU.ActiveCfg = Release|Any CPU
		{A6D96BA4-B312-400C-A5A1-9B35AE6E222C}.Release|Any CPU.Build.0 = Release|Any CPU
		{EA5CC7DD-E9E1-4B3A-997E-A366D40C2E9C}.Debug|Any CPU.ActiveCfg = Debug|Any CPU
		{EA5CC7DD-E9E1-4B3A-997E-A366D40C2E9C}.Debug|Any CPU.Build.0 = Debug|Any CPU
		{EA5CC7DD-E9E1-4B3A-997E-A366D40C2E9C}.Release|Any CPU.ActiveCfg = Release|Any CPU
		{EA5CC7DD-E9E1-4B3A-997E-A366D40C2E9C}.Release|Any CPU.Build.0 = Release|Any CPU
	EndGlobalSection
EndGlobal
